# THIS IS AN AUTOGENERATED FILE. DO NOT EDIT THIS FILE DIRECTLY.
# yarn lockfile v1


spectre.css@^0.5.9:
  version "0.5.9"
  resolved "https://registry.yarnpkg.com/spectre.css/-/spectre.css-0.5.9.tgz#86c732d093036d9fdc0a2ba570f005e4023ae6ca"
  integrity sha512-9jUqwZmCnvflrxFGcK+ize43TvjwDjqMwZPVubEtSIHzvinH0TBUESm1LcOJx3Ur7bdPaeOHQIjOqBl1Y5kLFw==
